
Microsoft Visual Studio Solution File, Format Version 12.00
# Visual Studio Version 17
VisualStudioVersion = 17.11.35312.102
MinimumVisualStudioVersion = 10.0.40219.1
Project("{FAE04EC0-301F-11D3-BF4B-00C04F79EFBC}") = "U3_E9_Serializacion XML", "U3_E9_Serializacion XML.csproj", "{4531F137-068A-41ED-B5FE-6E45FBB08EF3}"
EndProject
Global
	GlobalSection(SolutionConfigurationPlatforms) = preSolution
		Debug|Any CPU = Debug|Any CPU
		Release|Any CPU = Release|Any CPU
	EndGlobalSection
	GlobalSection(ProjectConfigurationPlatforms) = postSolution
		{4531F137-068A-41ED-B5FE-6E45FBB08EF3}.Debug|Any CPU.ActiveCfg = Debug|Any CPU
		{4531F137-068A-41ED-B5FE-6E45FBB08EF3}.Debug|Any CPU.Build.0 = Debug|Any CPU
		{4531F137-068A-41ED-B5FE-6E45FBB08EF3}.Release|Any CPU.ActiveCfg = Release|Any CPU
		{4531F137-068A-41ED-B5FE-6E45FBB08EF3}.Release|Any CPU.Build.0 = Release|Any CPU
	EndGlobalSection
	GlobalSection(SolutionProperties) = preSolution
		HideSolutionNode = FALSE
	EndGlobalSection
	GlobalSection(ExtensibilityGlobals) = postSolution
		SolutionGuid = {8488492B-6ED0-40AC-A86D-F3B45CAFCBD4}
	EndGlobalSection
EndGlobal
