
Microsoft Visual Studio Solution File, Format Version 12.00
# Visual Studio Version 17
VisualStudioVersion = 17.11.35312.102
MinimumVisualStudioVersion = 10.0.40219.1
Project("{FAE04EC0-301F-11D3-BF4B-00C04F79EFBC}") = "Tema2Ejercicios", "Tema2Ejercicios.csproj", "{F3CEDCA3-8AC2-41EC-A84C-16F6D0A0E253}"
EndProject
Global
	GlobalSection(SolutionConfigurationPlatforms) = preSolution
		Debug|Any CPU = Debug|Any CPU
		Release|Any CPU = Release|Any CPU
	EndGlobalSection
	GlobalSection(ProjectConfigurationPlatforms) = postSolution
		{F3CEDCA3-8AC2-41EC-A84C-16F6D0A0E253}.Debug|Any CPU.ActiveCfg = Debug|Any CPU
		{F3CEDCA3-8AC2-41EC-A84C-16F6D0A0E253}.Debug|Any CPU.Build.0 = Debug|Any CPU
		{F3CEDCA3-8AC2-41EC-A84C-16F6D0A0E253}.Release|Any CPU.ActiveCfg = Release|Any CPU
		{F3CEDCA3-8AC2-41EC-A84C-16F6D0A0E253}.Release|Any CPU.Build.0 = Release|Any CPU
	EndGlobalSection
	GlobalSection(SolutionProperties) = preSolution
		HideSolutionNode = FALSE
	EndGlobalSection
	GlobalSection(ExtensibilityGlobals) = postSolution
		SolutionGuid = {3D371438-49A1-4E4F-9418-14D0EC489106}
	EndGlobalSection
EndGlobal
