
Microsoft Visual Studio Solution File, Format Version 12.00
# Visual Studio Version 17
VisualStudioVersion = 17.11.35312.102
MinimumVisualStudioVersion = 10.0.40219.1
Project("{9A19103F-16F7-4668-BE54-9A1E7A4F7556}") = "U3_E8_FormularioIV_BlocNotas", "U3_E8_FormularioIV_BlocNotas.csproj", "{A8008494-A664-4C7F-84BD-9D43BF95FC98}"
EndProject
Project("{FAE04EC0-301F-11D3-BF4B-00C04F79EFBC}") = "TestBlogNotas", "..\TestBlogNotas\TestBlogNotas.csproj", "{99F7EC41-78C7-4F6E-A3AE-0AE21B10478C}"
EndProject
Global
	GlobalSection(SolutionConfigurationPlatforms) = preSolution
		Debug|Any CPU = Debug|Any CPU
		Release|Any CPU = Release|Any CPU
	EndGlobalSection
	GlobalSection(ProjectConfigurationPlatforms) = postSolution
		{A8008494-A664-4C7F-84BD-9D43BF95FC98}.Debug|Any CPU.ActiveCfg = Debug|Any CPU
		{A8008494-A664-4C7F-84BD-9D43BF95FC98}.Debug|Any CPU.Build.0 = Debug|Any CPU
		{A8008494-A664-4C7F-84BD-9D43BF95FC98}.Release|Any CPU.ActiveCfg = Release|Any CPU
		{A8008494-A664-4C7F-84BD-9D43BF95FC98}.Release|Any CPU.Build.0 = Release|Any CPU
		{99F7EC41-78C7-4F6E-A3AE-0AE21B10478C}.Debug|Any CPU.ActiveCfg = Debug|Any CPU
		{99F7EC41-78C7-4F6E-A3AE-0AE21B10478C}.Debug|Any CPU.Build.0 = Debug|Any CPU
		{99F7EC41-78C7-4F6E-A3AE-0AE21B10478C}.Release|Any CPU.ActiveCfg = Release|Any CPU
		{99F7EC41-78C7-4F6E-A3AE-0AE21B10478C}.Release|Any CPU.Build.0 = Release|Any CPU
	EndGlobalSection
	GlobalSection(SolutionProperties) = preSolution
		HideSolutionNode = FALSE
	EndGlobalSection
	GlobalSection(ExtensibilityGlobals) = postSolution
		SolutionGuid = {5D316BB8-9560-4374-8569-D862BCA4A7CD}
	EndGlobalSection
EndGlobal
