
Microsoft Visual Studio Solution File, Format Version 12.00
# Visual Studio Version 17
VisualStudioVersion = 17.11.35312.102
MinimumVisualStudioVersion = 10.0.40219.1
Project("{FAE04EC0-301F-11D3-BF4B-00C04F79EFBC}") = "T2_E7_Clases", "T2_E7_Clases\T2_E7_Clases.csproj", "{196C9317-D713-4A93-9BC6-03150A29D60C}"
EndProject
Global
	GlobalSection(SolutionConfigurationPlatforms) = preSolution
		Debug|Any CPU = Debug|Any CPU
		Release|Any CPU = Release|Any CPU
	EndGlobalSection
	GlobalSection(ProjectConfigurationPlatforms) = postSolution
		{196C9317-D713-4A93-9BC6-03150A29D60C}.Debug|Any CPU.ActiveCfg = Debug|Any CPU
		{196C9317-D713-4A93-9BC6-03150A29D60C}.Debug|Any CPU.Build.0 = Debug|Any CPU
		{196C9317-D713-4A93-9BC6-03150A29D60C}.Release|Any CPU.ActiveCfg = Release|Any CPU
		{196C9317-D713-4A93-9BC6-03150A29D60C}.Release|Any CPU.Build.0 = Release|Any CPU
	EndGlobalSection
	GlobalSection(SolutionProperties) = preSolution
		HideSolutionNode = FALSE
	EndGlobalSection
	GlobalSection(ExtensibilityGlobals) = postSolution
		SolutionGuid = {1FECE95F-E36E-458D-96DC-76C8F156563A}
	EndGlobalSection
EndGlobal
