
Microsoft Visual Studio Solution File, Format Version 12.00
# Visual Studio Version 17
VisualStudioVersion = 17.11.35312.102
MinimumVisualStudioVersion = 10.0.40219.1
Project("{FAE04EC0-301F-11D3-BF4B-00C04F79EFBC}") = "Estudio", "Estudio.csproj", "{8B48969D-DFC1-4C59-A99A-78D62A88F75F}"
EndProject
Global
	GlobalSection(SolutionConfigurationPlatforms) = preSolution
		Debug|Any CPU = Debug|Any CPU
		Release|Any CPU = Release|Any CPU
	EndGlobalSection
	GlobalSection(ProjectConfigurationPlatforms) = postSolution
		{8B48969D-DFC1-4C59-A99A-78D62A88F75F}.Debug|Any CPU.ActiveCfg = Debug|Any CPU
		{8B48969D-DFC1-4C59-A99A-78D62A88F75F}.Debug|Any CPU.Build.0 = Debug|Any CPU
		{8B48969D-DFC1-4C59-A99A-78D62A88F75F}.Release|Any CPU.ActiveCfg = Release|Any CPU
		{8B48969D-DFC1-4C59-A99A-78D62A88F75F}.Release|Any CPU.Build.0 = Release|Any CPU
	EndGlobalSection
	GlobalSection(SolutionProperties) = preSolution
		HideSolutionNode = FALSE
	EndGlobalSection
	GlobalSection(ExtensibilityGlobals) = postSolution
		SolutionGuid = {84610BF3-848A-4568-992F-CD1938B2CEC3}
	EndGlobalSection
EndGlobal
